
Microsoft Visual Studio Solution File, Format Version 12.00
# Visual Studio Version 17
VisualStudioVersion = 17.2.32505.173
MinimumVisualStudioVersion = 10.0.40219.1
Project("{FAE04EC0-301F-11D3-BF4B-00C04F79EFBC}") = "Breakthrough", "Breakthrough\Breakthrough.csproj", "{FAE79507-6E82-44CA-B434-9A2F76AE792F}"
EndProject
Global
	GlobalSection(SolutionConfigurationPlatforms) = preSolution
		Debug|Any CPU = Debug|Any CPU
		Release|Any CPU = Release|Any CPU
	EndGlobalSection
	GlobalSection(ProjectConfigurationPlatforms) = postSolution
		{FAE79507-6E82-44CA-B434-9A2F76AE792F}.Debug|Any CPU.ActiveCfg = Debug|Any CPU
		{FAE79507-6E82-44CA-B434-9A2F76AE792F}.Debug|Any CPU.Build.0 = Debug|Any CPU
		{FAE79507-6E82-44CA-B434-9A2F76AE792F}.Release|Any CPU.ActiveCfg = Release|Any CPU
		{FAE79507-6E82-44CA-B434-9A2F76AE792F}.Release|Any CPU.Build.0 = Release|Any CPU
	EndGlobalSection
	GlobalSection(SolutionProperties) = preSolution
		HideSolutionNode = FALSE
	EndGlobalSection
	GlobalSection(ExtensibilityGlobals) = postSolution
		SolutionGuid = {A1308E4C-9E99-4B04-ACF5-66951DB9DED8}
	EndGlobalSection
EndGlobal
